
Microsoft Visual Studio Solution File, Format Version 12.00
# Visual Studio Version 16
VisualStudioVersion = 16.6.30114.105
MinimumVisualStudioVersion = 10.0.40219.1
Project("{FAE04EC0-301F-11D3-BF4B-00C04F79EFBC}") = "R5T.T0087.Construction", "R5T.T0087.Construction\R5T.T0087.Construction.csproj", "{3CA86EB1-6890-4961-9EC1-2BEB6CA44DC3}"
EndProject
Project("{FAE04EC0-301F-11D3-BF4B-00C04F79EFBC}") = "R5T.T0087", "R5T.T0087\R5T.T0087.csproj", "{0B15CFFA-EBB0-4F7E-B5A8-4E93A7707EC6}"
EndProject
Global
	GlobalSection(SolutionConfigurationPlatforms) = preSolution
		Debug|Any CPU = Debug|Any CPU
		Debug|x64 = Debug|x64
		Debug|x86 = Debug|x86
		Release|Any CPU = Release|Any CPU
		Release|x64 = Release|x64
		Release|x86 = Release|x86
	EndGlobalSection
	GlobalSection(SolutionProperties) = preSolution
		HideSolutionNode = FALSE
	EndGlobalSection
	GlobalSection(ProjectConfigurationPlatforms) = postSolution
		{3CA86EB1-6890-4961-9EC1-2BEB6CA44DC3}.Debug|Any CPU.ActiveCfg = Debug|Any CPU
		{3CA86EB1-6890-4961-9EC1-2BEB6CA44DC3}.Debug|Any CPU.Build.0 = Debug|Any CPU
		{3CA86EB1-6890-4961-9EC1-2BEB6CA44DC3}.Debug|x64.ActiveCfg = Debug|Any CPU
		{3CA86EB1-6890-4961-9EC1-2BEB6CA44DC3}.Debug|x64.Build.0 = Debug|Any CPU
		{3CA86EB1-6890-4961-9EC1-2BEB6CA44DC3}.Debug|x86.ActiveCfg = Debug|Any CPU
		{3CA86EB1-6890-4961-9EC1-2BEB6CA44DC3}.Debug|x86.Build.0 = Debug|Any CPU
		{3CA86EB1-6890-4961-9EC1-2BEB6CA44DC3}.Release|Any CPU.ActiveCfg = Release|Any CPU
		{3CA86EB1-6890-4961-9EC1-2BEB6CA44DC3}.Release|Any CPU.Build.0 = Release|Any CPU
		{3CA86EB1-6890-4961-9EC1-2BEB6CA44DC3}.Release|x64.ActiveCfg = Release|Any CPU
		{3CA86EB1-6890-4961-9EC1-2BEB6CA44DC3}.Release|x64.Build.0 = Release|Any CPU
		{3CA86EB1-6890-4961-9EC1-2BEB6CA44DC3}.Release|x86.ActiveCfg = Release|Any CPU
		{3CA86EB1-6890-4961-9EC1-2BEB6CA44DC3}.Release|x86.Build.0 = Release|Any CPU
		{0B15CFFA-EBB0-4F7E-B5A8-4E93A7707EC6}.Debug|Any CPU.ActiveCfg = Debug|Any CPU
		{0B15CFFA-EBB0-4F7E-B5A8-4E93A7707EC6}.Debug|Any CPU.Build.0 = Debug|Any CPU
		{0B15CFFA-EBB0-4F7E-B5A8-4E93A7707EC6}.Debug|x64.ActiveCfg = Debug|Any CPU
		{0B15CFFA-EBB0-4F7E-B5A8-4E93A7707EC6}.Debug|x64.Build.0 = Debug|Any CPU
		{0B15CFFA-EBB0-4F7E-B5A8-4E93A7707EC6}.Debug|x86.ActiveCfg = Debug|Any CPU
		{0B15CFFA-EBB0-4F7E-B5A8-4E93A7707EC6}.Debug|x86.Build.0 = Debug|Any CPU
		{0B15CFFA-EBB0-4F7E-B5A8-4E93A7707EC6}.Release|Any CPU.ActiveCfg = Release|Any CPU
		{0B15CFFA-EBB0-4F7E-B5A8-4E93A7707EC6}.Release|Any CPU.Build.0 = Release|Any CPU
		{0B15CFFA-EBB0-4F7E-B5A8-4E93A7707EC6}.Release|x64.ActiveCfg = Release|Any CPU
		{0B15CFFA-EBB0-4F7E-B5A8-4E93A7707EC6}.Release|x64.Build.0 = Release|Any CPU
		{0B15CFFA-EBB0-4F7E-B5A8-4E93A7707EC6}.Release|x86.ActiveCfg = Release|Any CPU
		{0B15CFFA-EBB0-4F7E-B5A8-4E93A7707EC6}.Release|x86.Build.0 = Release|Any CPU
	EndGlobalSection
EndGlobal
